
Microsoft Visual Studio Solution File, Format Version 12.00
# Visual Studio Version 17
VisualStudioVersion = 17.8.34525.116
MinimumVisualStudioVersion = 10.0.40219.1
Project("{FAE04EC0-301F-11D3-BF4B-00C04F79EFBC}") = "CoachPilot", "CoachPilot.csproj", "{EF623FB1-FA46-418D-826E-89FCE46221DB}"
EndProject
Global
	GlobalSection(SolutionConfigurationPlatforms) = preSolution
		Debug|Any CPU = Debug|Any CPU
		Release|Any CPU = Release|Any CPU
	EndGlobalSection
	GlobalSection(ProjectConfigurationPlatforms) = postSolution
		{EF623FB1-FA46-418D-826E-89FCE46221DB}.Debug|Any CPU.ActiveCfg = Debug|Any CPU
		{EF623FB1-FA46-418D-826E-89FCE46221DB}.Debug|Any CPU.Build.0 = Debug|Any CPU
		{EF623FB1-FA46-418D-826E-89FCE46221DB}.Release|Any CPU.ActiveCfg = Release|Any CPU
		{EF623FB1-FA46-418D-826E-89FCE46221DB}.Release|Any CPU.Build.0 = Release|Any CPU
	EndGlobalSection
	GlobalSection(SolutionProperties) = preSolution
		HideSolutionNode = FALSE
	EndGlobalSection
	GlobalSection(ExtensibilityGlobals) = postSolution
		SolutionGuid = {6FFDF3B8-56AC-46D5-B7D3-BAE8D30EAB40}
	EndGlobalSection
EndGlobal
